
Microsoft Visual Studio Solution File, Format Version 12.00
# Visual Studio Version 16
VisualStudioVersion = 16.0.33423.256
MinimumVisualStudioVersion = 10.0.40219.1
Project("{8BC9CEB8-8B4A-11D0-8D11-00A0C91BC942}") = "DataLink_Send", "DataLink_Send.vcxproj", "{70D478E1-CF3A-4EB1-A8C6-C9188B34A9C3}"
EndProject
Global
	GlobalSection(SolutionConfigurationPlatforms) = preSolution
		Debug|x64 = Debug|x64
		Debug|x86 = Debug|x86
		Release|x64 = Release|x64
		Release|x86 = Release|x86
	EndGlobalSection
	GlobalSection(ProjectConfigurationPlatforms) = postSolution
		{70D478E1-CF3A-4EB1-A8C6-C9188B34A9C3}.Debug|x64.ActiveCfg = Debug|x64
		{70D478E1-CF3A-4EB1-A8C6-C9188B34A9C3}.Debug|x64.Build.0 = Debug|x64
		{70D478E1-CF3A-4EB1-A8C6-C9188B34A9C3}.Debug|x86.ActiveCfg = Debug|Win32
		{70D478E1-CF3A-4EB1-A8C6-C9188B34A9C3}.Debug|x86.Build.0 = Debug|Win32
		{70D478E1-CF3A-4EB1-A8C6-C9188B34A9C3}.Release|x64.ActiveCfg = Release|x64
		{70D478E1-CF3A-4EB1-A8C6-C9188B34A9C3}.Release|x64.Build.0 = Release|x64
		{70D478E1-CF3A-4EB1-A8C6-C9188B34A9C3}.Release|x86.ActiveCfg = Release|Win32
		{70D478E1-CF3A-4EB1-A8C6-C9188B34A9C3}.Release|x86.Build.0 = Release|Win32
	EndGlobalSection
	GlobalSection(SolutionProperties) = preSolution
		HideSolutionNode = FALSE
	EndGlobalSection
	GlobalSection(ExtensibilityGlobals) = postSolution
		SolutionGuid = {F6FF43D3-260D-4C2E-85CC-0615FE5E20A6}
	EndGlobalSection
EndGlobal
